{
  "name": "e17-4yp-ocr-and-translation-from-sinhala-to-tamil-for-printed-documents",
  "version": "1.0.0",
  "lockfileVersion": 3,
  "requires": true,
  "packages": {
    "": {
      "name": "e17-4yp-ocr-and-translation-from-sinhala-to-tamil-for-printed-documents",
      "version": "1.0.0",
      "license": "ISC"
    }
  }
}
